id: 11
name: Grandfather Clock
description: Grandfather clock ticking animation
date: 2021-09-12
previous: 10
next: 12
thumbnails:
  - /assets/images/houdini-daily-practice/11/thumbnail-0.png
assets:
  - type: video
    src: https://www.youtube.com/embed/FU4lrfrkgjY
  - type: image
    src: /assets/images/houdini-daily-practice/11/render-0.png
referenceAssets:
  - type: image
    src: /assets/images/houdini-daily-practice/11/reference-0.png
tags:
  - sops
  - reference
  - animation
  - mantra
  - after-effects
pathToBody: houdini-daily-practice/bodies/001/0011-grandfather-clock.md
